<<<<<<< HEAD
<?xml version="1.0" encoding="utf-8"?>
<Project ToolsVersion="4.0" xmlns="http://schemas.microsoft.com/developer/msbuild/2003">
  <ItemGroup>
    <Filter Include="thirdParty">
      <UniqueIdentifier>{3095977A-1C4D-D9C7-8554-B223712B74B8}</UniqueIdentifier>
    </Filter>
    <Filter Include="thirdParty\benchmark">
      <UniqueIdentifier>{0AECD067-F67A-5A31-9F99-6E2C8B076BD7}</UniqueIdentifier>
    </Filter>
    <Filter Include="thirdParty\spdlog">
      <UniqueIdentifier>{68AF4B9E-D4C5-4934-1D3D-D55589921ABC}</UniqueIdentifier>
    </Filter>
    <Filter Include="thirdParty\spdlog\example">
      <UniqueIdentifier>{43A9ECFA-AF6B-2085-F81B-AF11641DF962}</UniqueIdentifier>
    </Filter>
    <Filter Include="thirdParty\spdlog\include">
      <UniqueIdentifier>{DBBEA517-4781-D9A1-9031-682EFC32B27F}</UniqueIdentifier>
    </Filter>
    <Filter Include="thirdParty\spdlog\include\benchmark">
      <UniqueIdentifier>{7567531C-E120-BEC6-6A80-D8A0D6387436}</UniqueIdentifier>
    </Filter>
    <Filter Include="thirdParty\spdlog\include\spdlog">
      <UniqueIdentifier>{B3EAAA9A-9F3B-96DC-C89F-849EB44F2946}</UniqueIdentifier>
    </Filter>
    <Filter Include="thirdParty\spdlog\include\spdlog\cfg">
      <UniqueIdentifier>{B284D276-9E6B-946E-47BC-FA8B33820DD5}</UniqueIdentifier>
    </Filter>
    <Filter Include="thirdParty\spdlog\include\spdlog\details">
      <UniqueIdentifier>{28DED03C-145B-C47F-3DD8-C49329B46013}</UniqueIdentifier>
    </Filter>
    <Filter Include="thirdParty\spdlog\include\spdlog\fmt">
      <UniqueIdentifier>{6992D276-5579-946E-FEC9-FA8BEA8F0DD5}</UniqueIdentifier>
    </Filter>
    <Filter Include="thirdParty\spdlog\include\spdlog\fmt\bundled">
      <UniqueIdentifier>{560A1BD9-421D-1B32-EB06-F81ED7F8B77F}</UniqueIdentifier>
    </Filter>
    <Filter Include="thirdParty\spdlog\include\spdlog\sinks">
      <UniqueIdentifier>{6AD2A976-5624-8166-3F43-BE762B349A4F}</UniqueIdentifier>
    </Filter>
    <Filter Include="thirdParty\spdlog\src">
      <UniqueIdentifier>{7FE10032-EB4D-BC2C-B441-548A206DDE94}</UniqueIdentifier>
    </Filter>
    <Filter Include="thirdParty\spdlog\tests">
      <UniqueIdentifier>{4A88CAB5-B6BF-124D-BFC9-76702B803946}</UniqueIdentifier>
    </Filter>
  </ItemGroup>
  <ItemGroup>
    <ClInclude Include="App.h" />
    <ClInclude Include="Core.h" />
    <ClInclude Include="Entrypoint.h" />
    <ClInclude Include="GeekPizza.h" />
    <ClInclude Include="Log.h" />
    <ClInclude Include="thirdParty\benchmark\benchmark.h">
      <Filter>thirdParty\benchmark</Filter>
    </ClInclude>
    <ClInclude Include="thirdParty\spdlog\include\benchmark\benchmark.h">
      <Filter>thirdParty\spdlog\include\benchmark</Filter>
    </ClInclude>
    <ClInclude Include="thirdParty\spdlog\include\spdlog\async.h">
      <Filter>thirdParty\spdlog\include\spdlog</Filter>
    </ClInclude>
    <ClInclude Include="thirdParty\spdlog\include\spdlog\async_logger-inl.h">
      <Filter>thirdParty\spdlog\include\spdlog</Filter>
    </ClInclude>
    <ClInclude Include="thirdParty\spdlog\include\spdlog\async_logger.h">
      <Filter>thirdParty\spdlog\include\spdlog</Filter>
    </ClInclude>
    <ClInclude Include="thirdParty\spdlog\include\spdlog\cfg\argv.h">
      <Filter>thirdParty\spdlog\include\spdlog\cfg</Filter>
    </ClInclude>
    <ClInclude Include="thirdParty\spdlog\include\spdlog\cfg\env.h">
      <Filter>thirdParty\spdlog\include\spdlog\cfg</Filter>
    </ClInclude>
    <ClInclude Include="thirdParty\spdlog\include\spdlog\cfg\helpers-inl.h">
      <Filter>thirdParty\spdlog\include\spdlog\cfg</Filter>
    </ClInclude>
    <ClInclude Include="thirdParty\spdlog\include\spdlog\cfg\helpers.h">
      <Filter>thirdParty\spdlog\include\spdlog\cfg</Filter>
    </ClInclude>
    <ClInclude Include="thirdParty\spdlog\include\spdlog\common-inl.h">
      <Filter>thirdParty\spdlog\include\spdlog</Filter>
    </ClInclude>
    <ClInclude Include="thirdParty\spdlog\include\spdlog\common.h">
      <Filter>thirdParty\spdlog\include\spdlog</Filter>
    </ClInclude>
    <ClInclude Include="thirdParty\spdlog\include\spdlog\details\backtracer-inl.h">
      <Filter>thirdParty\spdlog\include\spdlog\details</Filter>
    </ClInclude>
    <ClInclude Include="thirdParty\spdlog\include\spdlog\details\backtracer.h">
      <Filter>thirdParty\spdlog\include\spdlog\details</Filter>
    </ClInclude>
    <ClInclude Include="thirdParty\spdlog\include\spdlog\details\circular_q.h">
      <Filter>thirdParty\spdlog\include\spdlog\details</Filter>
    </ClInclude>
    <ClInclude Include="thirdParty\spdlog\include\spdlog\details\console_globals.h">
      <Filter>thirdParty\spdlog\include\spdlog\details</Filter>
    </ClInclude>
    <ClInclude Include="thirdParty\spdlog\include\spdlog\details\file_helper-inl.h">
      <Filter>thirdParty\spdlog\include\spdlog\details</Filter>
    </ClInclude>
    <ClInclude Include="thirdParty\spdlog\include\spdlog\details\file_helper.h">
      <Filter>thirdParty\spdlog\include\spdlog\details</Filter>
    </ClInclude>
    <ClInclude Include="thirdParty\spdlog\include\spdlog\details\fmt_helper.h">
      <Filter>thirdParty\spdlog\include\spdlog\details</Filter>
    </ClInclude>
    <ClInclude Include="thirdParty\spdlog\include\spdlog\details\log_msg-inl.h">
      <Filter>thirdParty\spdlog\include\spdlog\details</Filter>
    </ClInclude>
    <ClInclude Include="thirdParty\spdlog\include\spdlog\details\log_msg.h">
      <Filter>thirdParty\spdlog\include\spdlog\details</Filter>
    </ClInclude>
    <ClInclude Include="thirdParty\spdlog\include\spdlog\details\log_msg_buffer-inl.h">
      <Filter>thirdParty\spdlog\include\spdlog\details</Filter>
    </ClInclude>
    <ClInclude Include="thirdParty\spdlog\include\spdlog\details\log_msg_buffer.h">
      <Filter>thirdParty\spdlog\include\spdlog\details</Filter>
    </ClInclude>
    <ClInclude Include="thirdParty\spdlog\include\spdlog\details\mpmc_blocking_q.h">
      <Filter>thirdParty\spdlog\include\spdlog\details</Filter>
    </ClInclude>
    <ClInclude Include="thirdParty\spdlog\include\spdlog\details\null_mutex.h">
      <Filter>thirdParty\spdlog\include\spdlog\details</Filter>
    </ClInclude>
    <ClInclude Include="thirdParty\spdlog\include\spdlog\details\os-inl.h">
      <Filter>thirdParty\spdlog\include\spdlog\details</Filter>
    </ClInclude>
    <ClInclude Include="thirdParty\spdlog\include\spdlog\details\os.h">
      <Filter>thirdParty\spdlog\include\spdlog\details</Filter>
    </ClInclude>
    <ClInclude Include="thirdParty\spdlog\include\spdlog\details\periodic_worker-inl.h">
      <Filter>thirdParty\spdlog\include\spdlog\details</Filter>
    </ClInclude>
    <ClInclude Include="thirdParty\spdlog\include\spdlog\details\periodic_worker.h">
      <Filter>thirdParty\spdlog\include\spdlog\details</Filter>
    </ClInclude>
    <ClInclude Include="thirdParty\spdlog\include\spdlog\details\registry-inl.h">
      <Filter>thirdParty\spdlog\include\spdlog\details</Filter>
    </ClInclude>
    <ClInclude Include="thirdParty\spdlog\include\spdlog\details\registry.h">
      <Filter>thirdParty\spdlog\include\spdlog\details</Filter>
    </ClInclude>
    <ClInclude Include="thirdParty\spdlog\include\spdlog\details\synchronous_factory.h">
      <Filter>thirdParty\spdlog\include\spdlog\details</Filter>
    </ClInclude>
    <ClInclude Include="thirdParty\spdlog\include\spdlog\details\tcp_client-windows.h">
      <Filter>thirdParty\spdlog\include\spdlog\details</Filter>
    </ClInclude>
    <ClInclude Include="thirdParty\spdlog\include\spdlog\details\tcp_client.h">
      <Filter>thirdParty\spdlog\include\spdlog\details</Filter>
    </ClInclude>
    <ClInclude Include="thirdParty\spdlog\include\spdlog\details\thread_pool-inl.h">
      <Filter>thirdParty\spdlog\include\spdlog\details</Filter>
    </ClInclude>
    <ClInclude Include="thirdParty\spdlog\include\spdlog\details\thread_pool.h">
      <Filter>thirdParty\spdlog\include\spdlog\details</Filter>
    </ClInclude>
    <ClInclude Include="thirdParty\spdlog\include\spdlog\details\windows_include.h">
      <Filter>thirdParty\spdlog\include\spdlog\details</Filter>
    </ClInclude>
    <ClInclude Include="thirdParty\spdlog\include\spdlog\fmt\bin_to_hex.h">
      <Filter>thirdParty\spdlog\include\spdlog\fmt</Filter>
    </ClInclude>
    <ClInclude Include="thirdParty\spdlog\include\spdlog\fmt\bundled\args.h">
      <Filter>thirdParty\spdlog\include\spdlog\fmt\bundled</Filter>
    </ClInclude>
    <ClInclude Include="thirdParty\spdlog\include\spdlog\fmt\bundled\chrono.h">
      <Filter>thirdParty\spdlog\include\spdlog\fmt\bundled</Filter>
    </ClInclude>
    <ClInclude Include="thirdParty\spdlog\include\spdlog\fmt\bundled\color.h">
      <Filter>thirdParty\spdlog\include\spdlog\fmt\bundled</Filter>
    </ClInclude>
    <ClInclude Include="thirdParty\spdlog\include\spdlog\fmt\bundled\compile.h">
      <Filter>thirdParty\spdlog\include\spdlog\fmt\bundled</Filter>
    </ClInclude>
    <ClInclude Include="thirdParty\spdlog\include\spdlog\fmt\bundled\core.h">
      <Filter>thirdParty\spdlog\include\spdlog\fmt\bundled</Filter>
    </ClInclude>
    <ClInclude Include="thirdParty\spdlog\include\spdlog\fmt\bundled\format-inl.h">
      <Filter>thirdParty\spdlog\include\spdlog\fmt\bundled</Filter>
    </ClInclude>
    <ClInclude Include="thirdParty\spdlog\include\spdlog\fmt\bundled\format.h">
      <Filter>thirdParty\spdlog\include\spdlog\fmt\bundled</Filter>
    </ClInclude>
    <ClInclude Include="thirdParty\spdlog\include\spdlog\fmt\bundled\locale.h">
      <Filter>thirdParty\spdlog\include\spdlog\fmt\bundled</Filter>
    </ClInclude>
    <ClInclude Include="thirdParty\spdlog\include\spdlog\fmt\bundled\os.h">
      <Filter>thirdParty\spdlog\include\spdlog\fmt\bundled</Filter>
    </ClInclude>
    <ClInclude Include="thirdParty\spdlog\include\spdlog\fmt\bundled\ostream.h">
      <Filter>thirdParty\spdlog\include\spdlog\fmt\bundled</Filter>
    </ClInclude>
    <ClInclude Include="thirdParty\spdlog\include\spdlog\fmt\bundled\printf.h">
      <Filter>thirdParty\spdlog\include\spdlog\fmt\bundled</Filter>
    </ClInclude>
    <ClInclude Include="thirdParty\spdlog\include\spdlog\fmt\bundled\ranges.h">
      <Filter>thirdParty\spdlog\include\spdlog\fmt\bundled</Filter>
    </ClInclude>
    <ClInclude Include="thirdParty\spdlog\include\spdlog\fmt\bundled\xchar.h">
      <Filter>thirdParty\spdlog\include\spdlog\fmt\bundled</Filter>
    </ClInclude>
    <ClInclude Include="thirdParty\spdlog\include\spdlog\fmt\chrono.h">
      <Filter>thirdParty\spdlog\include\spdlog\fmt</Filter>
    </ClInclude>
    <ClInclude Include="thirdParty\spdlog\include\spdlog\fmt\compile.h">
      <Filter>thirdParty\spdlog\include\spdlog\fmt</Filter>
    </ClInclude>
    <ClInclude Include="thirdParty\spdlog\include\spdlog\fmt\fmt.h">
      <Filter>thirdParty\spdlog\include\spdlog\fmt</Filter>
    </ClInclude>
    <ClInclude Include="thirdParty\spdlog\include\spdlog\fmt\ostr.h">
      <Filter>thirdParty\spdlog\include\spdlog\fmt</Filter>
    </ClInclude>
    <ClInclude Include="thirdParty\spdlog\include\spdlog\fmt\xchar.h">
      <Filter>thirdParty\spdlog\include\spdlog\fmt</Filter>
    </ClInclude>
    <ClInclude Include="thirdParty\spdlog\include\spdlog\formatter.h">
      <Filter>thirdParty\spdlog\include\spdlog</Filter>
    </ClInclude>
    <ClInclude Include="thirdParty\spdlog\include\spdlog\fwd.h">
      <Filter>thirdParty\spdlog\include\spdlog</Filter>
    </ClInclude>
    <ClInclude Include="thirdParty\spdlog\include\spdlog\logger-inl.h">
      <Filter>thirdParty\spdlog\include\spdlog</Filter>
    </ClInclude>
    <ClInclude Include="thirdParty\spdlog\include\spdlog\logger.h">
      <Filter>thirdParty\spdlog\include\spdlog</Filter>
    </ClInclude>
    <ClInclude Include="thirdParty\spdlog\include\spdlog\pattern_formatter-inl.h">
      <Filter>thirdParty\spdlog\include\spdlog</Filter>
    </ClInclude>
    <ClInclude Include="thirdParty\spdlog\include\spdlog\pattern_formatter.h">
      <Filter>thirdParty\spdlog\include\spdlog</Filter>
    </ClInclude>
    <ClInclude Include="thirdParty\spdlog\include\spdlog\sinks\android_sink.h">
      <Filter>thirdParty\spdlog\include\spdlog\sinks</Filter>
    </ClInclude>
    <ClInclude Include="thirdParty\spdlog\include\spdlog\sinks\ansicolor_sink-inl.h">
      <Filter>thirdParty\spdlog\include\spdlog\sinks</Filter>
    </ClInclude>
    <ClInclude Include="thirdParty\spdlog\include\spdlog\sinks\ansicolor_sink.h">
      <Filter>thirdParty\spdlog\include\spdlog\sinks</Filter>
    </ClInclude>
    <ClInclude Include="thirdParty\spdlog\include\spdlog\sinks\base_sink-inl.h">
      <Filter>thirdParty\spdlog\include\spdlog\sinks</Filter>
    </ClInclude>
    <ClInclude Include="thirdParty\spdlog\include\spdlog\sinks\base_sink.h">
      <Filter>thirdParty\spdlog\include\spdlog\sinks</Filter>
    </ClInclude>
    <ClInclude Include="thirdParty\spdlog\include\spdlog\sinks\basic_file_sink-inl.h">
      <Filter>thirdParty\spdlog\include\spdlog\sinks</Filter>
    </ClInclude>
    <ClInclude Include="thirdParty\spdlog\include\spdlog\sinks\basic_file_sink.h">
      <Filter>thirdParty\spdlog\include\spdlog\sinks</Filter>
    </ClInclude>
    <ClInclude Include="thirdParty\spdlog\include\spdlog\sinks\daily_file_sink.h">
      <Filter>thirdParty\spdlog\include\spdlog\sinks</Filter>
    </ClInclude>
    <ClInclude Include="thirdParty\spdlog\include\spdlog\sinks\dist_sink.h">
      <Filter>thirdParty\spdlog\include\spdlog\sinks</Filter>
    </ClInclude>
    <ClInclude Include="thirdParty\spdlog\include\spdlog\sinks\dup_filter_sink.h">
      <Filter>thirdParty\spdlog\include\spdlog\sinks</Filter>
    </ClInclude>
    <ClInclude Include="thirdParty\spdlog\include\spdlog\sinks\hourly_file_sink.h">
      <Filter>thirdParty\spdlog\include\spdlog\sinks</Filter>
    </ClInclude>
    <ClInclude Include="thirdParty\spdlog\include\spdlog\sinks\mongo_sink.h">
      <Filter>thirdParty\spdlog\include\spdlog\sinks</Filter>
    </ClInclude>
    <ClInclude Include="thirdParty\spdlog\include\spdlog\sinks\msvc_sink.h">
      <Filter>thirdParty\spdlog\include\spdlog\sinks</Filter>
    </ClInclude>
    <ClInclude Include="thirdParty\spdlog\include\spdlog\sinks\null_sink.h">
      <Filter>thirdParty\spdlog\include\spdlog\sinks</Filter>
    </ClInclude>
    <ClInclude Include="thirdParty\spdlog\include\spdlog\sinks\ostream_sink.h">
      <Filter>thirdParty\spdlog\include\spdlog\sinks</Filter>
    </ClInclude>
    <ClInclude Include="thirdParty\spdlog\include\spdlog\sinks\qt_sinks.h">
      <Filter>thirdParty\spdlog\include\spdlog\sinks</Filter>
    </ClInclude>
    <ClInclude Include="thirdParty\spdlog\include\spdlog\sinks\ringbuffer_sink.h">
      <Filter>thirdParty\spdlog\include\spdlog\sinks</Filter>
    </ClInclude>
    <ClInclude Include="thirdParty\spdlog\include\spdlog\sinks\rotating_file_sink-inl.h">
      <Filter>thirdParty\spdlog\include\spdlog\sinks</Filter>
    </ClInclude>
    <ClInclude Include="thirdParty\spdlog\include\spdlog\sinks\rotating_file_sink.h">
      <Filter>thirdParty\spdlog\include\spdlog\sinks</Filter>
    </ClInclude>
    <ClInclude Include="thirdParty\spdlog\include\spdlog\sinks\sink-inl.h">
      <Filter>thirdParty\spdlog\include\spdlog\sinks</Filter>
    </ClInclude>
    <ClInclude Include="thirdParty\spdlog\include\spdlog\sinks\sink.h">
      <Filter>thirdParty\spdlog\include\spdlog\sinks</Filter>
    </ClInclude>
    <ClInclude Include="thirdParty\spdlog\include\spdlog\sinks\stdout_color_sinks-inl.h">
      <Filter>thirdParty\spdlog\include\spdlog\sinks</Filter>
    </ClInclude>
    <ClInclude Include="thirdParty\spdlog\include\spdlog\sinks\stdout_color_sinks.h">
      <Filter>thirdParty\spdlog\include\spdlog\sinks</Filter>
    </ClInclude>
    <ClInclude Include="thirdParty\spdlog\include\spdlog\sinks\stdout_sinks-inl.h">
      <Filter>thirdParty\spdlog\include\spdlog\sinks</Filter>
    </ClInclude>
    <ClInclude Include="thirdParty\spdlog\include\spdlog\sinks\stdout_sinks.h">
      <Filter>thirdParty\spdlog\include\spdlog\sinks</Filter>
    </ClInclude>
    <ClInclude Include="thirdParty\spdlog\include\spdlog\sinks\syslog_sink.h">
      <Filter>thirdParty\spdlog\include\spdlog\sinks</Filter>
    </ClInclude>
    <ClInclude Include="thirdParty\spdlog\include\spdlog\sinks\tcp_sink.h">
      <Filter>thirdParty\spdlog\include\spdlog\sinks</Filter>
    </ClInclude>
    <ClInclude Include="thirdParty\spdlog\include\spdlog\sinks\win_eventlog_sink.h">
      <Filter>thirdParty\spdlog\include\spdlog\sinks</Filter>
    </ClInclude>
    <ClInclude Include="thirdParty\spdlog\include\spdlog\sinks\wincolor_sink-inl.h">
      <Filter>thirdParty\spdlog\include\spdlog\sinks</Filter>
    </ClInclude>
    <ClInclude Include="thirdParty\spdlog\include\spdlog\sinks\wincolor_sink.h">
      <Filter>thirdParty\spdlog\include\spdlog\sinks</Filter>
    </ClInclude>
    <ClInclude Include="thirdParty\spdlog\include\spdlog\spdlog-inl.h">
      <Filter>thirdParty\spdlog\include\spdlog</Filter>
    </ClInclude>
    <ClInclude Include="thirdParty\spdlog\include\spdlog\spdlog.h">
      <Filter>thirdParty\spdlog\include\spdlog</Filter>
    </ClInclude>
    <ClInclude Include="thirdParty\spdlog\include\spdlog\stopwatch.h">
      <Filter>thirdParty\spdlog\include\spdlog</Filter>
    </ClInclude>
    <ClInclude Include="thirdParty\spdlog\include\spdlog\tweakme.h">
      <Filter>thirdParty\spdlog\include\spdlog</Filter>
    </ClInclude>
    <ClInclude Include="thirdParty\spdlog\include\spdlog\version.h">
      <Filter>thirdParty\spdlog\include\spdlog</Filter>
    </ClInclude>
    <ClInclude Include="thirdParty\spdlog\tests\includes.h">
      <Filter>thirdParty\spdlog\tests</Filter>
    </ClInclude>
    <ClInclude Include="thirdParty\spdlog\tests\test_sink.h">
      <Filter>thirdParty\spdlog\tests</Filter>
    </ClInclude>
    <ClInclude Include="thirdParty\spdlog\tests\utils.h">
      <Filter>thirdParty\spdlog\tests</Filter>
    </ClInclude>
  </ItemGroup>
  <ItemGroup>
    <ClCompile Include="App.cpp" />
    <ClCompile Include="Log.cpp" />
    <ClCompile Include="thirdParty\spdlog\example\example.cpp">
      <Filter>thirdParty\spdlog\example</Filter>
    </ClCompile>
    <ClCompile Include="thirdParty\spdlog\src\async.cpp">
      <Filter>thirdParty\spdlog\src</Filter>
    </ClCompile>
    <ClCompile Include="thirdParty\spdlog\src\cfg.cpp">
      <Filter>thirdParty\spdlog\src</Filter>
    </ClCompile>
    <ClCompile Include="thirdParty\spdlog\src\color_sinks.cpp">
      <Filter>thirdParty\spdlog\src</Filter>
    </ClCompile>
    <ClCompile Include="thirdParty\spdlog\src\file_sinks.cpp">
      <Filter>thirdParty\spdlog\src</Filter>
    </ClCompile>
    <ClCompile Include="thirdParty\spdlog\src\fmt.cpp">
      <Filter>thirdParty\spdlog\src</Filter>
    </ClCompile>
    <ClCompile Include="thirdParty\spdlog\src\spdlog.cpp">
      <Filter>thirdParty\spdlog\src</Filter>
    </ClCompile>
    <ClCompile Include="thirdParty\spdlog\src\stdout_sinks.cpp">
      <Filter>thirdParty\spdlog\src</Filter>
    </ClCompile>
    <ClCompile Include="thirdParty\spdlog\tests\main.cpp">
      <Filter>thirdParty\spdlog\tests</Filter>
    </ClCompile>
    <ClCompile Include="thirdParty\spdlog\tests\test_async.cpp">
      <Filter>thirdParty\spdlog\tests</Filter>
    </ClCompile>
    <ClCompile Include="thirdParty\spdlog\tests\test_backtrace.cpp">
      <Filter>thirdParty\spdlog\tests</Filter>
    </ClCompile>
    <ClCompile Include="thirdParty\spdlog\tests\test_cfg.cpp">
      <Filter>thirdParty\spdlog\tests</Filter>
    </ClCompile>
    <ClCompile Include="thirdParty\spdlog\tests\test_create_dir.cpp">
      <Filter>thirdParty\spdlog\tests</Filter>
    </ClCompile>
    <ClCompile Include="thirdParty\spdlog\tests\test_daily_logger.cpp">
      <Filter>thirdParty\spdlog\tests</Filter>
    </ClCompile>
    <ClCompile Include="thirdParty\spdlog\tests\test_dup_filter.cpp">
      <Filter>thirdParty\spdlog\tests</Filter>
    </ClCompile>
    <ClCompile Include="thirdParty\spdlog\tests\test_errors.cpp">
      <Filter>thirdParty\spdlog\tests</Filter>
    </ClCompile>
    <ClCompile Include="thirdParty\spdlog\tests\test_eventlog.cpp">
      <Filter>thirdParty\spdlog\tests</Filter>
    </ClCompile>
    <ClCompile Include="thirdParty\spdlog\tests\test_file_helper.cpp">
      <Filter>thirdParty\spdlog\tests</Filter>
    </ClCompile>
    <ClCompile Include="thirdParty\spdlog\tests\test_file_logging.cpp">
      <Filter>thirdParty\spdlog\tests</Filter>
    </ClCompile>
    <ClCompile Include="thirdParty\spdlog\tests\test_fmt_helper.cpp">
      <Filter>thirdParty\spdlog\tests</Filter>
    </ClCompile>
    <ClCompile Include="thirdParty\spdlog\tests\test_macros.cpp">
      <Filter>thirdParty\spdlog\tests</Filter>
    </ClCompile>
    <ClCompile Include="thirdParty\spdlog\tests\test_misc.cpp">
      <Filter>thirdParty\spdlog\tests</Filter>
    </ClCompile>
    <ClCompile Include="thirdParty\spdlog\tests\test_mpmc_q.cpp">
      <Filter>thirdParty\spdlog\tests</Filter>
    </ClCompile>
    <ClCompile Include="thirdParty\spdlog\tests\test_pattern_formatter.cpp">
      <Filter>thirdParty\spdlog\tests</Filter>
    </ClCompile>
    <ClCompile Include="thirdParty\spdlog\tests\test_registry.cpp">
      <Filter>thirdParty\spdlog\tests</Filter>
    </ClCompile>
    <ClCompile Include="thirdParty\spdlog\tests\test_stdout_api.cpp">
      <Filter>thirdParty\spdlog\tests</Filter>
    </ClCompile>
    <ClCompile Include="thirdParty\spdlog\tests\test_stopwatch.cpp">
      <Filter>thirdParty\spdlog\tests</Filter>
    </ClCompile>
    <ClCompile Include="thirdParty\spdlog\tests\test_time_point.cpp">
      <Filter>thirdParty\spdlog\tests</Filter>
    </ClCompile>
    <ClCompile Include="thirdParty\spdlog\tests\utils.cpp">
      <Filter>thirdParty\spdlog\tests</Filter>
=======
﻿<?xml version="1.0" encoding="utf-8"?>
<Project ToolsVersion="4.0" xmlns="http://schemas.microsoft.com/developer/msbuild/2003">
  <ItemGroup>
    <Filter Include="Source Files">
      <UniqueIdentifier>{4FC737F1-C7A5-4376-A066-2A32D752A2FF}</UniqueIdentifier>
      <Extensions>cpp;c;cc;cxx;c++;cppm;ixx;def;odl;idl;hpj;bat;asm;asmx</Extensions>
    </Filter>
    <Filter Include="Header Files">
      <UniqueIdentifier>{93995380-89BD-4b04-88EB-625FBE52EBFB}</UniqueIdentifier>
      <Extensions>h;hh;hpp;hxx;h++;hm;inl;inc;ipp;xsd</Extensions>
    </Filter>
    <Filter Include="Resource Files">
      <UniqueIdentifier>{67DA6AB6-F800-4c08-8B7A-83BB121AAD01}</UniqueIdentifier>
      <Extensions>rc;ico;cur;bmp;dlg;rc2;rct;bin;rgs;gif;jpg;jpeg;jpe;resx;tiff;tif;png;wav;mfcribbon-ms</Extensions>
    </Filter>
    <Filter Include="src">
      <UniqueIdentifier>{35548a9a-6c86-4fa1-9413-8ecfab27b708}</UniqueIdentifier>
    </Filter>
    <Filter Include="Source Files\GeekPizza">
      <UniqueIdentifier>{a9804761-a23a-46e1-a92d-02953846d707}</UniqueIdentifier>
    </Filter>
  </ItemGroup>
  <ItemGroup>
    <ClInclude Include="App.h">
      <Filter>Header Files</Filter>
    </ClInclude>
    <ClInclude Include="Core.h">
      <Filter>Header Files</Filter>
    </ClInclude>
    <ClInclude Include="GeekPizza.h">
      <Filter>Header Files</Filter>
    </ClInclude>
    <ClInclude Include="Entrypoint.h">
      <Filter>Header Files</Filter>
    </ClInclude>
    <ClInclude Include="Log.h">
      <Filter>Source Files\GeekPizza</Filter>
    </ClInclude>
  </ItemGroup>
  <ItemGroup>
    <ClCompile Include="App.cpp">
      <Filter>Source Files</Filter>
    </ClCompile>
    <ClCompile Include="Log.cpp">
      <Filter>Source Files\GeekPizza</Filter>
>>>>>>> 1d27db077bd39b7ef898b04f6c6d5cb17e5274b8
    </ClCompile>
  </ItemGroup>
</Project>